// !$*UTF8*$!
{
	archiveVersion = 1;
	classes = {
	};
	objectVersion = 56;
	objects = {

/* Begin PBXBuildFile section */
		393A3E4A297A7F6400D8C754 /* automation_playground_iosApp.swift in Sources */ = {isa = PBXBuildFile; fileRef = 393A3E49297A7F6400D8C754 /* automation_playground_iosApp.swift */; };
		393A3E4C297A7F6400D8C754 /* RateListScreen.swift in Sources */ = {isa = PBXBuildFile; fileRef = 393A3E4B297A7F6400D8C754 /* RateListScreen.swift */; };
		393A3E4E297A7F6500D8C754 /* Assets.xcassets in Resources */ = {isa = PBXBuildFile; fileRef = 393A3E4D297A7F6500D8C754 /* Assets.xcassets */; };
		393A3E51297A7F6500D8C754 /* Preview Assets.xcassets in Resources */ = {isa = PBXBuildFile; fileRef = 393A3E50297A7F6500D8C754 /* Preview Assets.xcassets */; };
		393A3E5B297A7F6500D8C754 /* automation_playground_iosTests.swift in Sources */ = {isa = PBXBuildFile; fileRef = 393A3E5A297A7F6500D8C754 /* automation_playground_iosTests.swift */; };
		393A3E65297A7F6500D8C754 /* automation_playground_iosUITests.swift in Sources */ = {isa = PBXBuildFile; fileRef = 393A3E64297A7F6500D8C754 /* automation_playground_iosUITests.swift */; };
		393A3E67297A7F6500D8C754 /* automation_playground_iosUITestsLaunchTests.swift in Sources */ = {isa = PBXBuildFile; fileRef = 393A3E66297A7F6500D8C754 /* automation_playground_iosUITestsLaunchTests.swift */; };
		393A3E75297A80C700D8C754 /* UiGenerator.swift in Sources */ = {isa = PBXBuildFile; fileRef = 393A3E74297A80C700D8C754 /* UiGenerator.swift */; };
		393A3E79297A81F400D8C754 /* HomeScreen.swift in Sources */ = {isa = PBXBuildFile; fileRef = 393A3E78297A81F400D8C754 /* HomeScreen.swift */; };
		393A3E81297A939B00D8C754 /* SearchScreen.swift in Sources */ = {isa = PBXBuildFile; fileRef = 393A3E80297A939B00D8C754 /* SearchScreen.swift */; };
		393A3E83297A93A800D8C754 /* CompareScreen.swift in Sources */ = {isa = PBXBuildFile; fileRef = 393A3E82297A93A800D8C754 /* CompareScreen.swift */; };
		393A3E85297A93B600D8C754 /* DetailsScreen.swift in Sources */ = {isa = PBXBuildFile; fileRef = 393A3E84297A93B600D8C754 /* DetailsScreen.swift */; };
		393A3E87297A93C300D8C754 /* ImagesScreen.swift in Sources */ = {isa = PBXBuildFile; fileRef = 393A3E86297A93C300D8C754 /* ImagesScreen.swift */; };
		393A3E89297A93CE00D8C754 /* SelectionScreen.swift in Sources */ = {isa = PBXBuildFile; fileRef = 393A3E88297A93CE00D8C754 /* SelectionScreen.swift */; };
		393A3E8C297AABC800D8C754 /* BaseRobot.swift in Sources */ = {isa = PBXBuildFile; fileRef = 393A3E8B297AABC800D8C754 /* BaseRobot.swift */; };
		393A3E8F297AAC0900D8C754 /* HomeScreenRobot.swift in Sources */ = {isa = PBXBuildFile; fileRef = 393A3E8E297AAC0900D8C754 /* HomeScreenRobot.swift */; };
		393A3E92297ABA5900D8C754 /* HomeScreenTest.swift in Sources */ = {isa = PBXBuildFile; fileRef = 393A3E91297ABA5900D8C754 /* HomeScreenTest.swift */; };
		393A3E94297ABE8A00D8C754 /* RateListRobot.swift in Sources */ = {isa = PBXBuildFile; fileRef = 393A3E93297ABE8A00D8C754 /* RateListRobot.swift */; };
		393A3E97297AC02E00D8C754 /* BaseTestCase.swift in Sources */ = {isa = PBXBuildFile; fileRef = 393A3E96297AC02E00D8C754 /* BaseTestCase.swift */; };
		393A3E99297AC69700D8C754 /* ImagesScreenRobot.swift in Sources */ = {isa = PBXBuildFile; fileRef = 393A3E98297AC69700D8C754 /* ImagesScreenRobot.swift */; };
		393A3E9B297AC6AA00D8C754 /* SearchScreenRobot.swift in Sources */ = {isa = PBXBuildFile; fileRef = 393A3E9A297AC6AA00D8C754 /* SearchScreenRobot.swift */; };
		393A3E9E297AC99800D8C754 /* DetailsE2ETest.swift in Sources */ = {isa = PBXBuildFile; fileRef = 393A3E9D297AC99800D8C754 /* DetailsE2ETest.swift */; };
		393A3EA0297ACB1000D8C754 /* SelectionScreenRobot.swift in Sources */ = {isa = PBXBuildFile; fileRef = 393A3E9F297ACB1000D8C754 /* SelectionScreenRobot.swift */; };
		393A3EA4297ACFF400D8C754 /* Constants.swift in Sources */ = {isa = PBXBuildFile; fileRef = 393A3EA3297ACFF400D8C754 /* Constants.swift */; };
/* End PBXBuildFile section */

/* Begin PBXContainerItemProxy section */
		393A3E57297A7F6500D8C754 /* PBXContainerItemProxy */ = {
			isa = PBXContainerItemProxy;
			containerPortal = 393A3E3E297A7F6400D8C754 /* Project object */;
			proxyType = 1;
			remoteGlobalIDString = 393A3E45297A7F6400D8C754;
			remoteInfo = automation_playground_ios;
		};
		393A3E61297A7F6500D8C754 /* PBXContainerItemProxy */ = {
			isa = PBXContainerItemProxy;
			containerPortal = 393A3E3E297A7F6400D8C754 /* Project object */;
			proxyType = 1;
			remoteGlobalIDString = 393A3E45297A7F6400D8C754;
			remoteInfo = automation_playground_ios;
		};
/* End PBXContainerItemProxy section */

/* Begin PBXFileReference section */
		393A3E46297A7F6400D8C754 /* automation_playground_ios.app */ = {isa = PBXFileReference; explicitFileType = wrapper.application; includeInIndex = 0; path = automation_playground_ios.app; sourceTree = BUILT_PRODUCTS_DIR; };
		393A3E49297A7F6400D8C754 /* automation_playground_iosApp.swift */ = {isa = PBXFileReference; lastKnownFileType = sourcecode.swift; path = automation_playground_iosApp.swift; sourceTree = "<group>"; };
		393A3E4B297A7F6400D8C754 /* RateListScreen.swift */ = {isa = PBXFileReference; lastKnownFileType = sourcecode.swift; path = RateListScreen.swift; sourceTree = "<group>"; };
		393A3E4D297A7F6500D8C754 /* Assets.xcassets */ = {isa = PBXFileReference; lastKnownFileType = folder.assetcatalog; path = Assets.xcassets; sourceTree = "<group>"; };
		393A3E50297A7F6500D8C754 /* Preview Assets.xcassets */ = {isa = PBXFileReference; lastKnownFileType = folder.assetcatalog; path = "Preview Assets.xcassets"; sourceTree = "<group>"; };
		393A3E56297A7F6500D8C754 /* automation_playground_iosTests.xctest */ = {isa = PBXFileReference; explicitFileType = wrapper.cfbundle; includeInIndex = 0; path = automation_playground_iosTests.xctest; sourceTree = BUILT_PRODUCTS_DIR; };
		393A3E5A297A7F6500D8C754 /* automation_playground_iosTests.swift */ = {isa = PBXFileReference; lastKnownFileType = sourcecode.swift; path = automation_playground_iosTests.swift; sourceTree = "<group>"; };
		393A3E60297A7F6500D8C754 /* automation_playground_iosUITests.xctest */ = {isa = PBXFileReference; explicitFileType = wrapper.cfbundle; includeInIndex = 0; path = automation_playground_iosUITests.xctest; sourceTree = BUILT_PRODUCTS_DIR; };
		393A3E64297A7F6500D8C754 /* automation_playground_iosUITests.swift */ = {isa = PBXFileReference; lastKnownFileType = sourcecode.swift; path = automation_playground_iosUITests.swift; sourceTree = "<group>"; };
		393A3E66297A7F6500D8C754 /* automation_playground_iosUITestsLaunchTests.swift */ = {isa = PBXFileReference; lastKnownFileType = sourcecode.swift; path = automation_playground_iosUITestsLaunchTests.swift; sourceTree = "<group>"; };
		393A3E74297A80C700D8C754 /* UiGenerator.swift */ = {isa = PBXFileReference; lastKnownFileType = sourcecode.swift; path = UiGenerator.swift; sourceTree = "<group>"; };
		393A3E78297A81F400D8C754 /* HomeScreen.swift */ = {isa = PBXFileReference; lastKnownFileType = sourcecode.swift; path = HomeScreen.swift; sourceTree = "<group>"; };
		393A3E80297A939B00D8C754 /* SearchScreen.swift */ = {isa = PBXFileReference; lastKnownFileType = sourcecode.swift; path = SearchScreen.swift; sourceTree = "<group>"; };
		393A3E82297A93A800D8C754 /* CompareScreen.swift */ = {isa = PBXFileReference; lastKnownFileType = sourcecode.swift; path = CompareScreen.swift; sourceTree = "<group>"; };
		393A3E84297A93B600D8C754 /* DetailsScreen.swift */ = {isa = PBXFileReference; lastKnownFileType = sourcecode.swift; path = DetailsScreen.swift; sourceTree = "<group>"; };
		393A3E86297A93C300D8C754 /* ImagesScreen.swift */ = {isa = PBXFileReference; lastKnownFileType = sourcecode.swift; path = ImagesScreen.swift; sourceTree = "<group>"; };
		393A3E88297A93CE00D8C754 /* SelectionScreen.swift */ = {isa = PBXFileReference; lastKnownFileType = sourcecode.swift; path = SelectionScreen.swift; sourceTree = "<group>"; };
		393A3E8B297AABC800D8C754 /* BaseRobot.swift */ = {isa = PBXFileReference; lastKnownFileType = sourcecode.swift; path = BaseRobot.swift; sourceTree = "<group>"; };
		393A3E8E297AAC0900D8C754 /* HomeScreenRobot.swift */ = {isa = PBXFileReference; lastKnownFileType = sourcecode.swift; path = HomeScreenRobot.swift; sourceTree = "<group>"; };
		393A3E91297ABA5900D8C754 /* HomeScreenTest.swift */ = {isa = PBXFileReference; lastKnownFileType = sourcecode.swift; path = HomeScreenTest.swift; sourceTree = "<group>"; };
		393A3E93297ABE8A00D8C754 /* RateListRobot.swift */ = {isa = PBXFileReference; lastKnownFileType = sourcecode.swift; path = RateListRobot.swift; sourceTree = "<group>"; };
		393A3E96297AC02E00D8C754 /* BaseTestCase.swift */ = {isa = PBXFileReference; lastKnownFileType = sourcecode.swift; path = BaseTestCase.swift; sourceTree = "<group>"; };
		393A3E98297AC69700D8C754 /* ImagesScreenRobot.swift */ = {isa = PBXFileReference; lastKnownFileType = sourcecode.swift; path = ImagesScreenRobot.swift; sourceTree = "<group>"; };
		393A3E9A297AC6AA00D8C754 /* SearchScreenRobot.swift */ = {isa = PBXFileReference; lastKnownFileType = sourcecode.swift; path = SearchScreenRobot.swift; sourceTree = "<group>"; };
		393A3E9D297AC99800D8C754 /* DetailsE2ETest.swift */ = {isa = PBXFileReference; lastKnownFileType = sourcecode.swift; path = DetailsE2ETest.swift; sourceTree = "<group>"; };
		393A3E9F297ACB1000D8C754 /* SelectionScreenRobot.swift */ = {isa = PBXFileReference; lastKnownFileType = sourcecode.swift; path = SelectionScreenRobot.swift; sourceTree = "<group>"; };
		393A3EA3297ACFF400D8C754 /* Constants.swift */ = {isa = PBXFileReference; lastKnownFileType = sourcecode.swift; path = Constants.swift; sourceTree = "<group>"; };
/* End PBXFileReference section */

/* Begin PBXFrameworksBuildPhase section */
		393A3E43297A7F6400D8C754 /* Frameworks */ = {
			isa = PBXFrameworksBuildPhase;
			buildActionMask = 2147483647;
			files = (
			);
			runOnlyForDeploymentPostprocessing = 0;
		};
		393A3E53297A7F6500D8C754 /* Frameworks */ = {
			isa = PBXFrameworksBuildPhase;
			buildActionMask = 2147483647;
			files = (
			);
			runOnlyForDeploymentPostprocessing = 0;
		};
		393A3E5D297A7F6500D8C754 /* Frameworks */ = {
			isa = PBXFrameworksBuildPhase;
			buildActionMask = 2147483647;
			files = (
			);
			runOnlyForDeploymentPostprocessing = 0;
		};
/* End PBXFrameworksBuildPhase section */

/* Begin PBXGroup section */
		393A3E3D297A7F6400D8C754 = {
			isa = PBXGroup;
			children = (
				393A3E48297A7F6400D8C754 /* automation_playground_ios */,
				393A3E59297A7F6500D8C754 /* automation_playground_iosTests */,
				393A3E63297A7F6500D8C754 /* automation_playground_iosUITests */,
				393A3E47297A7F6400D8C754 /* Products */,
			);
			sourceTree = "<group>";
		};
		393A3E47297A7F6400D8C754 /* Products */ = {
			isa = PBXGroup;
			children = (
				393A3E46297A7F6400D8C754 /* automation_playground_ios.app */,
				393A3E56297A7F6500D8C754 /* automation_playground_iosTests.xctest */,
				393A3E60297A7F6500D8C754 /* automation_playground_iosUITests.xctest */,
			);
			name = Products;
			sourceTree = "<group>";
		};
		393A3E48297A7F6400D8C754 /* automation_playground_ios */ = {
			isa = PBXGroup;
			children = (
				393A3E76297A81DA00D8C754 /* screens */,
				393A3E73297A80B500D8C754 /* utility */,
				393A3E49297A7F6400D8C754 /* automation_playground_iosApp.swift */,
				393A3E4D297A7F6500D8C754 /* Assets.xcassets */,
				393A3E4F297A7F6500D8C754 /* Preview Content */,
			);
			path = automation_playground_ios;
			sourceTree = "<group>";
		};
		393A3E4F297A7F6500D8C754 /* Preview Content */ = {
			isa = PBXGroup;
			children = (
				393A3E50297A7F6500D8C754 /* Preview Assets.xcassets */,
			);
			path = "Preview Content";
			sourceTree = "<group>";
		};
		393A3E59297A7F6500D8C754 /* automation_playground_iosTests */ = {
			isa = PBXGroup;
			children = (
				393A3E5A297A7F6500D8C754 /* automation_playground_iosTests.swift */,
			);
			path = automation_playground_iosTests;
			sourceTree = "<group>";
		};
		393A3E63297A7F6500D8C754 /* automation_playground_iosUITests */ = {
			isa = PBXGroup;
			children = (
				393A3EA2297ACFE700D8C754 /* utils */,
				393A3EA1297ACF8C00D8C754 /* tests */,
				393A3E95297AC01400D8C754 /* runner */,
				393A3E8D297AABE700D8C754 /* robots */,
				393A3E64297A7F6500D8C754 /* automation_playground_iosUITests.swift */,
				393A3E66297A7F6500D8C754 /* automation_playground_iosUITestsLaunchTests.swift */,
			);
			path = automation_playground_iosUITests;
			sourceTree = "<group>";
		};
		393A3E73297A80B500D8C754 /* utility */ = {
			isa = PBXGroup;
			children = (
				393A3E74297A80C700D8C754 /* UiGenerator.swift */,
			);
			path = utility;
			sourceTree = "<group>";
		};
		393A3E76297A81DA00D8C754 /* screens */ = {
			isa = PBXGroup;
			children = (
				393A3E7F297A938B00D8C754 /* searchScreen */,
				393A3E7E297A938100D8C754 /* compareScreen */,
				393A3E7D297A937600D8C754 /* detailsScreen */,
				393A3E7C297A936500D8C754 /* imagesScreen */,
				393A3E7B297A935A00D8C754 /* selectionScreen */,
				393A3E7A297A825E00D8C754 /* ratelistScreen */,
				393A3E77297A81E300D8C754 /* homescreen */,
			);
			path = screens;
			sourceTree = "<group>";
		};
		393A3E77297A81E300D8C754 /* homescreen */ = {
			isa = PBXGroup;
			children = (
				393A3E78297A81F400D8C754 /* HomeScreen.swift */,
			);
			path = homescreen;
			sourceTree = "<group>";
		};
		393A3E7A297A825E00D8C754 /* ratelistScreen */ = {
			isa = PBXGroup;
			children = (
				393A3E4B297A7F6400D8C754 /* RateListScreen.swift */,
			);
			path = ratelistScreen;
			sourceTree = "<group>";
		};
		393A3E7B297A935A00D8C754 /* selectionScreen */ = {
			isa = PBXGroup;
			children = (
				393A3E88297A93CE00D8C754 /* SelectionScreen.swift */,
			);
			path = selectionScreen;
			sourceTree = "<group>";
		};
		393A3E7C297A936500D8C754 /* imagesScreen */ = {
			isa = PBXGroup;
			children = (
				393A3E86297A93C300D8C754 /* ImagesScreen.swift */,
			);
			path = imagesScreen;
			sourceTree = "<group>";
		};
		393A3E7D297A937600D8C754 /* detailsScreen */ = {
			isa = PBXGroup;
			children = (
				393A3E84297A93B600D8C754 /* DetailsScreen.swift */,
			);
			path = detailsScreen;
			sourceTree = "<group>";
		};
		393A3E7E297A938100D8C754 /* compareScreen */ = {
			isa = PBXGroup;
			children = (
				393A3E82297A93A800D8C754 /* CompareScreen.swift */,
			);
			path = compareScreen;
			sourceTree = "<group>";
		};
		393A3E7F297A938B00D8C754 /* searchScreen */ = {
			isa = PBXGroup;
			children = (
				393A3E80297A939B00D8C754 /* SearchScreen.swift */,
			);
			path = searchScreen;
			sourceTree = "<group>";
		};
		393A3E8A297AABB500D8C754 /* BaseRobot */ = {
			isa = PBXGroup;
			children = (
				393A3E8B297AABC800D8C754 /* BaseRobot.swift */,
			);
			path = BaseRobot;
			sourceTree = "<group>";
		};
		393A3E8D297AABE700D8C754 /* robots */ = {
			isa = PBXGroup;
			children = (
				393A3E8A297AABB500D8C754 /* BaseRobot */,
				393A3E8E297AAC0900D8C754 /* HomeScreenRobot.swift */,
				393A3E93297ABE8A00D8C754 /* RateListRobot.swift */,
				393A3E98297AC69700D8C754 /* ImagesScreenRobot.swift */,
				393A3E9A297AC6AA00D8C754 /* SearchScreenRobot.swift */,
				393A3E9F297ACB1000D8C754 /* SelectionScreenRobot.swift */,
			);
			path = robots;
			sourceTree = "<group>";
		};
		393A3E90297ABA4900D8C754 /* screens */ = {
			isa = PBXGroup;
			children = (
				393A3E91297ABA5900D8C754 /* HomeScreenTest.swift */,
			);
			path = screens;
			sourceTree = "<group>";
		};
		393A3E95297AC01400D8C754 /* runner */ = {
			isa = PBXGroup;
			children = (
				393A3E96297AC02E00D8C754 /* BaseTestCase.swift */,
			);
			path = runner;
			sourceTree = "<group>";
		};
		393A3E9C297AC97E00D8C754 /* e2eTests */ = {
			isa = PBXGroup;
			children = (
				393A3E9D297AC99800D8C754 /* DetailsE2ETest.swift */,
			);
			path = e2eTests;
			sourceTree = "<group>";
		};
		393A3EA1297ACF8C00D8C754 /* tests */ = {
			isa = PBXGroup;
			children = (
				393A3E90297ABA4900D8C754 /* screens */,
				393A3E9C297AC97E00D8C754 /* e2eTests */,
			);
			path = tests;
			sourceTree = "<group>";
		};
		393A3EA2297ACFE700D8C754 /* utils */ = {
			isa = PBXGroup;
			children = (
				393A3EA3297ACFF400D8C754 /* Constants.swift */,
			);
			path = utils;
			sourceTree = "<group>";
		};
/* End PBXGroup section */

/* Begin PBXNativeTarget section */
		393A3E45297A7F6400D8C754 /* automation_playground_ios */ = {
			isa = PBXNativeTarget;
			buildConfigurationList = 393A3E6A297A7F6500D8C754 /* Build configuration list for PBXNativeTarget "automation_playground_ios" */;
			buildPhases = (
				393A3E42297A7F6400D8C754 /* Sources */,
				393A3E43297A7F6400D8C754 /* Frameworks */,
				393A3E44297A7F6400D8C754 /* Resources */,
			);
			buildRules = (
			);
			dependencies = (
			);
			name = automation_playground_ios;
			productName = automation_playground_ios;
			productReference = 393A3E46297A7F6400D8C754 /* automation_playground_ios.app */;
			productType = "com.apple.product-type.application";
		};
		393A3E55297A7F6500D8C754 /* automation_playground_iosTests */ = {
			isa = PBXNativeTarget;
			buildConfigurationList = 393A3E6D297A7F6500D8C754 /* Build configuration list for PBXNativeTarget "automation_playground_iosTests" */;
			buildPhases = (
				393A3E52297A7F6500D8C754 /* Sources */,
				393A3E53297A7F6500D8C754 /* Frameworks */,
				393A3E54297A7F6500D8C754 /* Resources */,
			);
			buildRules = (
			);
			dependencies = (
				393A3E58297A7F6500D8C754 /* PBXTargetDependency */,
			);
			name = automation_playground_iosTests;
			productName = automation_playground_iosTests;
			productReference = 393A3E56297A7F6500D8C754 /* automation_playground_iosTests.xctest */;
			productType = "com.apple.product-type.bundle.unit-test";
		};
		393A3E5F297A7F6500D8C754 /* automation_playground_iosUITests */ = {
			isa = PBXNativeTarget;
			buildConfigurationList = 393A3E70297A7F6500D8C754 /* Build configuration list for PBXNativeTarget "automation_playground_iosUITests" */;
			buildPhases = (
				393A3E5C297A7F6500D8C754 /* Sources */,
				393A3E5D297A7F6500D8C754 /* Frameworks */,
				393A3E5E297A7F6500D8C754 /* Resources */,
			);
			buildRules = (
			);
			dependencies = (
				393A3E62297A7F6500D8C754 /* PBXTargetDependency */,
			);
			name = automation_playground_iosUITests;
			productName = automation_playground_iosUITests;
			productReference = 393A3E60297A7F6500D8C754 /* automation_playground_iosUITests.xctest */;
			productType = "com.apple.product-type.bundle.ui-testing";
		};
/* End PBXNativeTarget section */

/* Begin PBXProject section */
		393A3E3E297A7F6400D8C754 /* Project object */ = {
			isa = PBXProject;
			attributes = {
				BuildIndependentTargetsInParallel = 1;
				LastSwiftUpdateCheck = 1410;
				LastUpgradeCheck = 1410;
				TargetAttributes = {
					393A3E45297A7F6400D8C754 = {
						CreatedOnToolsVersion = 14.1;
					};
					393A3E55297A7F6500D8C754 = {
						CreatedOnToolsVersion = 14.1;
						TestTargetID = 393A3E45297A7F6400D8C754;
					};
					393A3E5F297A7F6500D8C754 = {
						CreatedOnToolsVersion = 14.1;
						TestTargetID = 393A3E45297A7F6400D8C754;
					};
				};
			};
			buildConfigurationList = 393A3E41297A7F6400D8C754 /* Build configuration list for PBXProject "automation_playground_ios" */;
			compatibilityVersion = "Xcode 14.0";
			developmentRegion = en;
			hasScannedForEncodings = 0;
			knownRegions = (
				en,
				Base,
			);
			mainGroup = 393A3E3D297A7F6400D8C754;
			productRefGroup = 393A3E47297A7F6400D8C754 /* Products */;
			projectDirPath = "";
			projectRoot = "";
			targets = (
				393A3E45297A7F6400D8C754 /* automation_playground_ios */,
				393A3E55297A7F6500D8C754 /* automation_playground_iosTests */,
				393A3E5F297A7F6500D8C754 /* automation_playground_iosUITests */,
			);
		};
/* End PBXProject section */

/* Begin PBXResourcesBuildPhase section */
		393A3E44297A7F6400D8C754 /* Resources */ = {
			isa = PBXResourcesBuildPhase;
			buildActionMask = 2147483647;
			files = (
				393A3E51297A7F6500D8C754 /* Preview Assets.xcassets in Resources */,
				393A3E4E297A7F6500D8C754 /* Assets.xcassets in Resources */,
			);
			runOnlyForDeploymentPostprocessing = 0;
		};
		393A3E54297A7F6500D8C754 /* Resources */ = {
			isa = PBXResourcesBuildPhase;
			buildActionMask = 2147483647;
			files = (
			);
			runOnlyForDeploymentPostprocessing = 0;
		};
		393A3E5E297A7F6500D8C754 /* Resources */ = {
			isa = PBXResourcesBuildPhase;
			buildActionMask = 2147483647;
			files = (
			);
			runOnlyForDeploymentPostprocessing = 0;
		};
/* End PBXResourcesBuildPhase section */

/* Begin PBXSourcesBuildPhase section */
		393A3E42297A7F6400D8C754 /* Sources */ = {
			isa = PBXSourcesBuildPhase;
			buildActionMask = 2147483647;
			files = (
				393A3E79297A81F400D8C754 /* HomeScreen.swift in Sources */,
				393A3E83297A93A800D8C754 /* CompareScreen.swift in Sources */,
				393A3E89297A93CE00D8C754 /* SelectionScreen.swift in Sources */,
				393A3E81297A939B00D8C754 /* SearchScreen.swift in Sources */,
				393A3E87297A93C300D8C754 /* ImagesScreen.swift in Sources */,
				393A3E75297A80C700D8C754 /* UiGenerator.swift in Sources */,
				393A3E4C297A7F6400D8C754 /* RateListScreen.swift in Sources */,
				393A3E4A297A7F6400D8C754 /* automation_playground_iosApp.swift in Sources */,
				393A3E85297A93B600D8C754 /* DetailsScreen.swift in Sources */,
			);
			runOnlyForDeploymentPostprocessing = 0;
		};
		393A3E52297A7F6500D8C754 /* Sources */ = {
			isa = PBXSourcesBuildPhase;
			buildActionMask = 2147483647;
			files = (
				393A3E5B297A7F6500D8C754 /* automation_playground_iosTests.swift in Sources */,
			);
			runOnlyForDeploymentPostprocessing = 0;
		};
		393A3E5C297A7F6500D8C754 /* Sources */ = {
			isa = PBXSourcesBuildPhase;
			buildActionMask = 2147483647;
			files = (
				393A3E67297A7F6500D8C754 /* automation_playground_iosUITestsLaunchTests.swift in Sources */,
				393A3E92297ABA5900D8C754 /* HomeScreenTest.swift in Sources */,
				393A3E94297ABE8A00D8C754 /* RateListRobot.swift in Sources */,
				393A3E9B297AC6AA00D8C754 /* SearchScreenRobot.swift in Sources */,
				393A3E97297AC02E00D8C754 /* BaseTestCase.swift in Sources */,
				393A3E8C297AABC800D8C754 /* BaseRobot.swift in Sources */,
				393A3E65297A7F6500D8C754 /* automation_playground_iosUITests.swift in Sources */,
				393A3EA0297ACB1000D8C754 /* SelectionScreenRobot.swift in Sources */,
				393A3E9E297AC99800D8C754 /* DetailsE2ETest.swift in Sources */,
				393A3E99297AC69700D8C754 /* ImagesScreenRobot.swift in Sources */,
				393A3E8F297AAC0900D8C754 /* HomeScreenRobot.swift in Sources */,
				393A3EA4297ACFF400D8C754 /* Constants.swift in Sources */,
			);
			runOnlyForDeploymentPostprocessing = 0;
		};
/* End PBXSourcesBuildPhase section */

/* Begin PBXTargetDependency section */
		393A3E58297A7F6500D8C754 /* PBXTargetDependency */ = {
			isa = PBXTargetDependency;
			target = 393A3E45297A7F6400D8C754 /* automation_playground_ios */;
			targetProxy = 393A3E57297A7F6500D8C754 /* PBXContainerItemProxy */;
		};
		393A3E62297A7F6500D8C754 /* PBXTargetDependency */ = {
			isa = PBXTargetDependency;
			target = 393A3E45297A7F6400D8C754 /* automation_playground_ios */;
			targetProxy = 393A3E61297A7F6500D8C754 /* PBXContainerItemProxy */;
		};
/* End PBXTargetDependency section */

/* Begin XCBuildConfiguration section */
		393A3E68297A7F6500D8C754 /* Debug */ = {
			isa = XCBuildConfiguration;
			buildSettings = {
				ALWAYS_SEARCH_USER_PATHS = NO;
				CLANG_ANALYZER_NONNULL = YES;
				CLANG_ANALYZER_NUMBER_OBJECT_CONVERSION = YES_AGGRESSIVE;
				CLANG_CXX_LANGUAGE_STANDARD = "gnu++20";
				CLANG_ENABLE_MODULES = YES;
				CLANG_ENABLE_OBJC_ARC = YES;
				CLANG_ENABLE_OBJC_WEAK = YES;
				CLANG_WARN_BLOCK_CAPTURE_AUTORELEASING = YES;
				CLANG_WARN_BOOL_CONVERSION = YES;
				CLANG_WARN_COMMA = YES;
				CLANG_WARN_CONSTANT_CONVERSION = YES;
				CLANG_WARN_DEPRECATED_OBJC_IMPLEMENTATIONS = YES;
				CLANG_WARN_DIRECT_OBJC_ISA_USAGE = YES_ERROR;
				CLANG_WARN_DOCUMENTATION_COMMENTS = YES;
				CLANG_WARN_EMPTY_BODY = YES;
				CLANG_WARN_ENUM_CONVERSION = YES;
				CLANG_WARN_INFINITE_RECURSION = YES;
				CLANG_WARN_INT_CONVERSION = YES;
				CLANG_WARN_NON_LITERAL_NULL_CONVERSION = YES;
				CLANG_WARN_OBJC_IMPLICIT_RETAIN_SELF = YES;
				CLANG_WARN_OBJC_LITERAL_CONVERSION = YES;
				CLANG_WARN_OBJC_ROOT_CLASS = YES_ERROR;
				CLANG_WARN_QUOTED_INCLUDE_IN_FRAMEWORK_HEADER = YES;
				CLANG_WARN_RANGE_LOOP_ANALYSIS = YES;
				CLANG_WARN_STRICT_PROTOTYPES = YES;
				CLANG_WARN_SUSPICIOUS_MOVE = YES;
				CLANG_WARN_UNGUARDED_AVAILABILITY = YES_AGGRESSIVE;
				CLANG_WARN_UNREACHABLE_CODE = YES;
				CLANG_WARN__DUPLICATE_METHOD_MATCH = YES;
				COPY_PHASE_STRIP = NO;
				DEBUG_INFORMATION_FORMAT = dwarf;
				ENABLE_STRICT_OBJC_MSGSEND = YES;
				ENABLE_TESTABILITY = YES;
				GCC_C_LANGUAGE_STANDARD = gnu11;
				GCC_DYNAMIC_NO_PIC = NO;
				GCC_NO_COMMON_BLOCKS = YES;
				GCC_OPTIMIZATION_LEVEL = 0;
				GCC_PREPROCESSOR_DEFINITIONS = (
					"DEBUG=1",
					"$(inherited)",
				);
				GCC_WARN_64_TO_32_BIT_CONVERSION = YES;
				GCC_WARN_ABOUT_RETURN_TYPE = YES_ERROR;
				GCC_WARN_UNDECLARED_SELECTOR = YES;
				GCC_WARN_UNINITIALIZED_AUTOS = YES_AGGRESSIVE;
				GCC_WARN_UNUSED_FUNCTION = YES;
				GCC_WARN_UNUSED_VARIABLE = YES;
				IPHONEOS_DEPLOYMENT_TARGET = 16.1;
				MTL_ENABLE_DEBUG_INFO = INCLUDE_SOURCE;
				MTL_FAST_MATH = YES;
				ONLY_ACTIVE_ARCH = YES;
				SDKROOT = iphoneos;
				SWIFT_ACTIVE_COMPILATION_CONDITIONS = DEBUG;
				SWIFT_OPTIMIZATION_LEVEL = "-Onone";
			};
			name = Debug;
		};
		393A3E69297A7F6500D8C754 /* Release */ = {
			isa = XCBuildConfiguration;
			buildSettings = {
				ALWAYS_SEARCH_USER_PATHS = NO;
				CLANG_ANALYZER_NONNULL = YES;
				CLANG_ANALYZER_NUMBER_OBJECT_CONVERSION = YES_AGGRESSIVE;
				CLANG_CXX_LANGUAGE_STANDARD = "gnu++20";
				CLANG_ENABLE_MODULES = YES;
				CLANG_ENABLE_OBJC_ARC = YES;
				CLANG_ENABLE_OBJC_WEAK = YES;
				CLANG_WARN_BLOCK_CAPTURE_AUTORELEASING = YES;
				CLANG_WARN_BOOL_CONVERSION = YES;
				CLANG_WARN_COMMA = YES;
				CLANG_WARN_CONSTANT_CONVERSION = YES;
				CLANG_WARN_DEPRECATED_OBJC_IMPLEMENTATIONS = YES;
				CLANG_WARN_DIRECT_OBJC_ISA_USAGE = YES_ERROR;
				CLANG_WARN_DOCUMENTATION_COMMENTS = YES;
				CLANG_WARN_EMPTY_BODY = YES;
				CLANG_WARN_ENUM_CONVERSION = YES;
				CLANG_WARN_INFINITE_RECURSION = YES;
				CLANG_WARN_INT_CONVERSION = YES;
				CLANG_WARN_NON_LITERAL_NULL_CONVERSION = YES;
				CLANG_WARN_OBJC_IMPLICIT_RETAIN_SELF = YES;
				CLANG_WARN_OBJC_LITERAL_CONVERSION = YES;
				CLANG_WARN_OBJC_ROOT_CLASS = YES_ERROR;
				CLANG_WARN_QUOTED_INCLUDE_IN_FRAMEWORK_HEADER = YES;
				CLANG_WARN_RANGE_LOOP_ANALYSIS = YES;
				CLANG_WARN_STRICT_PROTOTYPES = YES;
				CLANG_WARN_SUSPICIOUS_MOVE = YES;
				CLANG_WARN_UNGUARDED_AVAILABILITY = YES_AGGRESSIVE;
				CLANG_WARN_UNREACHABLE_CODE = YES;
				CLANG_WARN__DUPLICATE_METHOD_MATCH = YES;
				COPY_PHASE_STRIP = NO;
				DEBUG_INFORMATION_FORMAT = "dwarf-with-dsym";
				ENABLE_NS_ASSERTIONS = NO;
				ENABLE_STRICT_OBJC_MSGSEND = YES;
				GCC_C_LANGUAGE_STANDARD = gnu11;
				GCC_NO_COMMON_BLOCKS = YES;
				GCC_WARN_64_TO_32_BIT_CONVERSION = YES;
				GCC_WARN_ABOUT_RETURN_TYPE = YES_ERROR;
				GCC_WARN_UNDECLARED_SELECTOR = YES;
				GCC_WARN_UNINITIALIZED_AUTOS = YES_AGGRESSIVE;
				GCC_WARN_UNUSED_FUNCTION = YES;
				GCC_WARN_UNUSED_VARIABLE = YES;
				IPHONEOS_DEPLOYMENT_TARGET = 16.1;
				MTL_ENABLE_DEBUG_INFO = NO;
				MTL_FAST_MATH = YES;
				SDKROOT = iphoneos;
				SWIFT_COMPILATION_MODE = wholemodule;
				SWIFT_OPTIMIZATION_LEVEL = "-O";
				VALIDATE_PRODUCT = YES;
			};
			name = Release;
		};
		393A3E6B297A7F6500D8C754 /* Debug */ = {
			isa = XCBuildConfiguration;
			buildSettings = {
				ASSETCATALOG_COMPILER_APPICON_NAME = AppIcon;
				ASSETCATALOG_COMPILER_GLOBAL_ACCENT_COLOR_NAME = AccentColor;
				CODE_SIGN_STYLE = Automatic;
				CURRENT_PROJECT_VERSION = 1;
				DEVELOPMENT_ASSET_PATHS = "\"automation_playground_ios/Preview Content\"";
				DEVELOPMENT_TEAM = UXCXHH5G5H;
				ENABLE_PREVIEWS = YES;
				GENERATE_INFOPLIST_FILE = YES;
				INFOPLIST_KEY_UIApplicationSceneManifest_Generation = YES;
				INFOPLIST_KEY_UIApplicationSupportsIndirectInputEvents = YES;
				INFOPLIST_KEY_UILaunchScreen_Generation = YES;
				INFOPLIST_KEY_UISupportedInterfaceOrientations_iPad = "UIInterfaceOrientationPortrait UIInterfaceOrientationPortraitUpsideDown UIInterfaceOrientationLandscapeLeft UIInterfaceOrientationLandscapeRight";
				INFOPLIST_KEY_UISupportedInterfaceOrientations_iPhone = "UIInterfaceOrientationPortrait UIInterfaceOrientationLandscapeLeft UIInterfaceOrientationLandscapeRight";
				LD_RUNPATH_SEARCH_PATHS = (
					"$(inherited)",
					"@executable_path/Frameworks",
				);
				MARKETING_VERSION = 1.0;
				PRODUCT_BUNDLE_IDENTIFIER = "com.salam.appiumdemo.automation-playground-ios";
				PRODUCT_NAME = "$(TARGET_NAME)";
				SWIFT_EMIT_LOC_STRINGS = YES;
				SWIFT_VERSION = 5.0;
				TARGETED_DEVICE_FAMILY = "1,2";
			};
			name = Debug;
		};
		393A3E6C297A7F6500D8C754 /* Release */ = {
			isa = XCBuildConfiguration;
			buildSettings = {
				ASSETCATALOG_COMPILER_APPICON_NAME = AppIcon;
				ASSETCATALOG_COMPILER_GLOBAL_ACCENT_COLOR_NAME = AccentColor;
				CODE_SIGN_STYLE = Automatic;
				CURRENT_PROJECT_VERSION = 1;
				DEVELOPMENT_ASSET_PATHS = "\"automation_playground_ios/Preview Content\"";
				DEVELOPMENT_TEAM = UXCXHH5G5H;
				ENABLE_PREVIEWS = YES;
				GENERATE_INFOPLIST_FILE = YES;
				INFOPLIST_KEY_UIApplicationSceneManifest_Generation = YES;
				INFOPLIST_KEY_UIApplicationSupportsIndirectInputEvents = YES;
				INFOPLIST_KEY_UILaunchScreen_Generation = YES;
				INFOPLIST_KEY_UISupportedInterfaceOrientations_iPad = "UIInterfaceOrientationPortrait UIInterfaceOrientationPortraitUpsideDown UIInterfaceOrientationLandscapeLeft UIInterfaceOrientationLandscapeRight";
				INFOPLIST_KEY_UISupportedInterfaceOrientations_iPhone = "UIInterfaceOrientationPortrait UIInterfaceOrientationLandscapeLeft UIInterfaceOrientationLandscapeRight";
				LD_RUNPATH_SEARCH_PATHS = (
					"$(inherited)",
					"@executable_path/Frameworks",
				);
				MARKETING_VERSION = 1.0;
				PRODUCT_BUNDLE_IDENTIFIER = "com.salam.appiumdemo.automation-playground-ios";
				PRODUCT_NAME = "$(TARGET_NAME)";
				SWIFT_EMIT_LOC_STRINGS = YES;
				SWIFT_VERSION = 5.0;
				TARGETED_DEVICE_FAMILY = "1,2";
			};
			name = Release;
		};
		393A3E6E297A7F6500D8C754 /* Debug */ = {
			isa = XCBuildConfiguration;
			buildSettings = {
				ALWAYS_EMBED_SWIFT_STANDARD_LIBRARIES = YES;
				BUNDLE_LOADER = "$(TEST_HOST)";
				CODE_SIGN_STYLE = Automatic;
				CURRENT_PROJECT_VERSION = 1;
				DEVELOPMENT_TEAM = UXCXHH5G5H;
				GENERATE_INFOPLIST_FILE = YES;
				IPHONEOS_DEPLOYMENT_TARGET = 16.1;
				MARKETING_VERSION = 1.0;
				PRODUCT_BUNDLE_IDENTIFIER = "com.salam.appiumdemo.automation-playground-iosTests";
				PRODUCT_NAME = "$(TARGET_NAME)";
				SWIFT_EMIT_LOC_STRINGS = NO;
				SWIFT_VERSION = 5.0;
				TARGETED_DEVICE_FAMILY = "1,2";
				TEST_HOST = "$(BUILT_PRODUCTS_DIR)/automation_playground_ios.app/$(BUNDLE_EXECUTABLE_FOLDER_PATH)/automation_playground_ios";
			};
			name = Debug;
		};
		393A3E6F297A7F6500D8C754 /* Release */ = {
			isa = XCBuildConfiguration;
			buildSettings = {
				ALWAYS_EMBED_SWIFT_STANDARD_LIBRARIES = YES;
				BUNDLE_LOADER = "$(TEST_HOST)";
				CODE_SIGN_STYLE = Automatic;
				CURRENT_PROJECT_VERSION = 1;
				DEVELOPMENT_TEAM = UXCXHH5G5H;
				GENERATE_INFOPLIST_FILE = YES;
				IPHONEOS_DEPLOYMENT_TARGET = 16.1;
				MARKETING_VERSION = 1.0;
				PRODUCT_BUNDLE_IDENTIFIER = "com.salam.appiumdemo.automation-playground-iosTests";
				PRODUCT_NAME = "$(TARGET_NAME)";
				SWIFT_EMIT_LOC_STRINGS = NO;
				SWIFT_VERSION = 5.0;
				TARGETED_DEVICE_FAMILY = "1,2";
				TEST_HOST = "$(BUILT_PRODUCTS_DIR)/automation_playground_ios.app/$(BUNDLE_EXECUTABLE_FOLDER_PATH)/automation_playground_ios";
			};
			name = Release;
		};
		393A3E71297A7F6500D8C754 /* Debug */ = {
			isa = XCBuildConfiguration;
			buildSettings = {
				ALWAYS_EMBED_SWIFT_STANDARD_LIBRARIES = YES;
				CODE_SIGN_STYLE = Automatic;
				CURRENT_PROJECT_VERSION = 1;
				DEVELOPMENT_TEAM = UXCXHH5G5H;
				GENERATE_INFOPLIST_FILE = YES;
				MARKETING_VERSION = 1.0;
				PRODUCT_BUNDLE_IDENTIFIER = "com.salam.appiumdemo.automation-playground-iosUITests";
				PRODUCT_NAME = "$(TARGET_NAME)";
				SWIFT_EMIT_LOC_STRINGS = NO;
				SWIFT_VERSION = 5.0;
				TARGETED_DEVICE_FAMILY = "1,2";
				TEST_TARGET_NAME = automation_playground_ios;
			};
			name = Debug;
		};
		393A3E72297A7F6500D8C754 /* Release */ = {
			isa = XCBuildConfiguration;
			buildSettings = {
				ALWAYS_EMBED_SWIFT_STANDARD_LIBRARIES = YES;
				CODE_SIGN_STYLE = Automatic;
				CURRENT_PROJECT_VERSION = 1;
				DEVELOPMENT_TEAM = UXCXHH5G5H;
				GENERATE_INFOPLIST_FILE = YES;
				MARKETING_VERSION = 1.0;
				PRODUCT_BUNDLE_IDENTIFIER = "com.salam.appiumdemo.automation-playground-iosUITests";
				PRODUCT_NAME = "$(TARGET_NAME)";
				SWIFT_EMIT_LOC_STRINGS = NO;
				SWIFT_VERSION = 5.0;
				TARGETED_DEVICE_FAMILY = "1,2";
				TEST_TARGET_NAME = automation_playground_ios;
			};
			name = Release;
		};
/* End XCBuildConfiguration section */

/* Begin XCConfigurationList section */
		393A3E41297A7F6400D8C754 /* Build configuration list for PBXProject "automation_playground_ios" */ = {
			isa = XCConfigurationList;
			buildConfigurations = (
				393A3E68297A7F6500D8C754 /* Debug */,
				393A3E69297A7F6500D8C754 /* Release */,
			);
			defaultConfigurationIsVisible = 0;
			defaultConfigurationName = Release;
		};
		393A3E6A297A7F6500D8C754 /* Build configuration list for PBXNativeTarget "automation_playground_ios" */ = {
			isa = XCConfigurationList;
			buildConfigurations = (
				393A3E6B297A7F6500D8C754 /* Debug */,
				393A3E6C297A7F6500D8C754 /* Release */,
			);
			defaultConfigurationIsVisible = 0;
			defaultConfigurationName = Release;
		};
		393A3E6D297A7F6500D8C754 /* Build configuration list for PBXNativeTarget "automation_playground_iosTests" */ = {
			isa = XCConfigurationList;
			buildConfigurations = (
				393A3E6E297A7F6500D8C754 /* Debug */,
				393A3E6F297A7F6500D8C754 /* Release */,
			);
			defaultConfigurationIsVisible = 0;
			defaultConfigurationName = Release;
		};
		393A3E70297A7F6500D8C754 /* Build configuration list for PBXNativeTarget "automation_playground_iosUITests" */ = {
			isa = XCConfigurationList;
			buildConfigurations = (
				393A3E71297A7F6500D8C754 /* Debug */,
				393A3E72297A7F6500D8C754 /* Release */,
			);
			defaultConfigurationIsVisible = 0;
			defaultConfigurationName = Release;
		};
/* End XCConfigurationList section */
	};
	rootObject = 393A3E3E297A7F6400D8C754 /* Project object */;
}
